
Microsoft Visual Studio Solution File, Format Version 12.00
# Visual Studio Version 17
VisualStudioVersion = 17.3.32922.545
MinimumVisualStudioVersion = 10.0.40219.1
Project("{FAE04EC0-301F-11D3-BF4B-00C04F79EFBC}") = "MyKitchenVault", "MyKitchenVault\MyKitchenVault.csproj", "{D734B085-4A33-4C50-9B3E-5FFF0B27B46B}"
EndProject
Project("{840C416C-B8F3-42BC-B0DD-F6BB14C9F8CB}") = "MKV Setup", "MKV Setup\MKV Setup.aiproj", "{3D11417C-C4C4-4995-85EE-ED745D89F9A8}"
EndProject
Global
	GlobalSection(SolutionConfigurationPlatforms) = preSolution
		All|Any CPU = All|Any CPU
		Debug|Any CPU = Debug|Any CPU
		Release|Any CPU = Release|Any CPU
	EndGlobalSection
	GlobalSection(ProjectConfigurationPlatforms) = postSolution
		{D734B085-4A33-4C50-9B3E-5FFF0B27B46B}.All|Any CPU.ActiveCfg = Release|Any CPU
		{D734B085-4A33-4C50-9B3E-5FFF0B27B46B}.All|Any CPU.Build.0 = Release|Any CPU
		{D734B085-4A33-4C50-9B3E-5FFF0B27B46B}.Debug|Any CPU.ActiveCfg = Debug|Any CPU
		{D734B085-4A33-4C50-9B3E-5FFF0B27B46B}.Debug|Any CPU.Build.0 = Debug|Any CPU
		{D734B085-4A33-4C50-9B3E-5FFF0B27B46B}.Release|Any CPU.ActiveCfg = Release|Any CPU
		{D734B085-4A33-4C50-9B3E-5FFF0B27B46B}.Release|Any CPU.Build.0 = Release|Any CPU
		{3D11417C-C4C4-4995-85EE-ED745D89F9A8}.All|Any CPU.ActiveCfg = DefaultBuild
		{3D11417C-C4C4-4995-85EE-ED745D89F9A8}.All|Any CPU.Build.0 = DefaultBuild
		{3D11417C-C4C4-4995-85EE-ED745D89F9A8}.Debug|Any CPU.ActiveCfg = DefaultBuild
		{3D11417C-C4C4-4995-85EE-ED745D89F9A8}.Debug|Any CPU.Build.0 = DefaultBuild
		{3D11417C-C4C4-4995-85EE-ED745D89F9A8}.Release|Any CPU.ActiveCfg = DefaultBuild
		{3D11417C-C4C4-4995-85EE-ED745D89F9A8}.Release|Any CPU.Build.0 = DefaultBuild
	EndGlobalSection
	GlobalSection(SolutionProperties) = preSolution
		HideSolutionNode = FALSE
	EndGlobalSection
	GlobalSection(ExtensibilityGlobals) = postSolution
		SolutionGuid = {EF3A785E-8B9C-4C25-B18C-6CB07EE53ED2}
	EndGlobalSection
EndGlobal
